
Microsoft Visual Studio Solution File, Format Version 12.00
# Visual Studio 2013
VisualStudioVersion = 12.0.21005.1
MinimumVisualStudioVersion = 10.0.40219.1
Project("{FAE04EC0-301F-11D3-BF4B-00C04F79EFBC}") = "lmeter", "lmeter\lmeter.csproj", "{60E3DC48-B111-493C-BB81-E2837D6DDCD2}"
EndProject
Project("{FAE04EC0-301F-11D3-BF4B-00C04F79EFBC}") = "classes2", "..\classes2\classes2\classes2.csproj", "{3BA9A514-936C-44B6-8E27-C9A6CF10270C}"
EndProject
Global
	GlobalSection(SolutionConfigurationPlatforms) = preSolution
		Debug|Any CPU = Debug|Any CPU
		Release|Any CPU = Release|Any CPU
	EndGlobalSection
	GlobalSection(ProjectConfigurationPlatforms) = postSolution
		{60E3DC48-B111-493C-BB81-E2837D6DDCD2}.Debug|Any CPU.ActiveCfg = Debug|Any CPU
		{60E3DC48-B111-493C-BB81-E2837D6DDCD2}.Debug|Any CPU.Build.0 = Debug|Any CPU
		{60E3DC48-B111-493C-BB81-E2837D6DDCD2}.Release|Any CPU.ActiveCfg = Release|Any CPU
		{60E3DC48-B111-493C-BB81-E2837D6DDCD2}.Release|Any CPU.Build.0 = Release|Any CPU
		{3BA9A514-936C-44B6-8E27-C9A6CF10270C}.Debug|Any CPU.ActiveCfg = Debug|Any CPU
		{3BA9A514-936C-44B6-8E27-C9A6CF10270C}.Debug|Any CPU.Build.0 = Debug|Any CPU
		{3BA9A514-936C-44B6-8E27-C9A6CF10270C}.Release|Any CPU.ActiveCfg = Release|Any CPU
		{3BA9A514-936C-44B6-8E27-C9A6CF10270C}.Release|Any CPU.Build.0 = Release|Any CPU
	EndGlobalSection
	GlobalSection(SolutionProperties) = preSolution
		HideSolutionNode = FALSE
	EndGlobalSection
EndGlobal
